
Microsoft Visual Studio Solution File, Format Version 12.00
# Visual Studio Version 17
VisualStudioVersion = 17.14.36511.14
MinimumVisualStudioVersion = 10.0.40219.1
Project("{FAE04EC0-301F-11D3-BF4B-00C04F79EFBC}") = "conditions-and-iterations", "conditions-and-iterations.csproj", "{72887E2A-01A4-4227-B44C-771E692D1C46}"
EndProject
Project("{FAE04EC0-301F-11D3-BF4B-00C04F79EFBC}") = "Utilities", "..\Utilities\Utilities.csproj", "{F1F0EE29-260B-43A7-7A55-1596CE21DE63}"
EndProject
Global
	GlobalSection(SolutionConfigurationPlatforms) = preSolution
		Debug|Any CPU = Debug|Any CPU
		Release|Any CPU = Release|Any CPU
	EndGlobalSection
	GlobalSection(ProjectConfigurationPlatforms) = postSolution
		{72887E2A-01A4-4227-B44C-771E692D1C46}.Debug|Any CPU.ActiveCfg = Debug|Any CPU
		{72887E2A-01A4-4227-B44C-771E692D1C46}.Debug|Any CPU.Build.0 = Debug|Any CPU
		{72887E2A-01A4-4227-B44C-771E692D1C46}.Release|Any CPU.ActiveCfg = Release|Any CPU
		{72887E2A-01A4-4227-B44C-771E692D1C46}.Release|Any CPU.Build.0 = Release|Any CPU
		{F1F0EE29-260B-43A7-7A55-1596CE21DE63}.Debug|Any CPU.ActiveCfg = Debug|Any CPU
		{F1F0EE29-260B-43A7-7A55-1596CE21DE63}.Debug|Any CPU.Build.0 = Debug|Any CPU
		{F1F0EE29-260B-43A7-7A55-1596CE21DE63}.Release|Any CPU.ActiveCfg = Release|Any CPU
		{F1F0EE29-260B-43A7-7A55-1596CE21DE63}.Release|Any CPU.Build.0 = Release|Any CPU
	EndGlobalSection
	GlobalSection(SolutionProperties) = preSolution
		HideSolutionNode = FALSE
	EndGlobalSection
	GlobalSection(ExtensibilityGlobals) = postSolution
		SolutionGuid = {E9957100-DB22-49E1-8CE7-60851FD4117C}
	EndGlobalSection
EndGlobal
