
Microsoft Visual Studio Solution File, Format Version 12.00
# Visual Studio Version 17
VisualStudioVersion = 17.14.36511.14
MinimumVisualStudioVersion = 10.0.40219.1
Project("{FAE04EC0-301F-11D3-BF4B-00C04F79EFBC}") = "classes-and-events", "classes-and-events.csproj", "{98273B9B-E7C8-435A-9D8E-EB07A6C67429}"
EndProject
Project("{FAE04EC0-301F-11D3-BF4B-00C04F79EFBC}") = "Utilities", "..\Utilities\Utilities.csproj", "{F1F0EE29-260B-43A7-7A55-1596CE21DE63}"
EndProject
Global
	GlobalSection(SolutionConfigurationPlatforms) = preSolution
		Debug|Any CPU = Debug|Any CPU
		Release|Any CPU = Release|Any CPU
	EndGlobalSection
	GlobalSection(ProjectConfigurationPlatforms) = postSolution
		{98273B9B-E7C8-435A-9D8E-EB07A6C67429}.Debug|Any CPU.ActiveCfg = Debug|Any CPU
		{98273B9B-E7C8-435A-9D8E-EB07A6C67429}.Debug|Any CPU.Build.0 = Debug|Any CPU
		{98273B9B-E7C8-435A-9D8E-EB07A6C67429}.Release|Any CPU.ActiveCfg = Release|Any CPU
		{98273B9B-E7C8-435A-9D8E-EB07A6C67429}.Release|Any CPU.Build.0 = Release|Any CPU
		{F1F0EE29-260B-43A7-7A55-1596CE21DE63}.Debug|Any CPU.ActiveCfg = Debug|Any CPU
		{F1F0EE29-260B-43A7-7A55-1596CE21DE63}.Debug|Any CPU.Build.0 = Debug|Any CPU
		{F1F0EE29-260B-43A7-7A55-1596CE21DE63}.Release|Any CPU.ActiveCfg = Release|Any CPU
		{F1F0EE29-260B-43A7-7A55-1596CE21DE63}.Release|Any CPU.Build.0 = Release|Any CPU
	EndGlobalSection
	GlobalSection(SolutionProperties) = preSolution
		HideSolutionNode = FALSE
	EndGlobalSection
	GlobalSection(ExtensibilityGlobals) = postSolution
		SolutionGuid = {52F56EA2-2FEE-4CF1-903C-0F0DB8C23B02}
	EndGlobalSection
EndGlobal
